
Microsoft Visual Studio Solution File, Format Version 12.00
# Visual Studio 15
VisualStudioVersion = 15.0.27130.2003
MinimumVisualStudioVersion = 10.0.40219.1
Project("{FAE04EC0-301F-11D3-BF4B-00C04F79EFBC}") = "DSmoove.Gui", "DSmoove.Gui\DSmoove.Gui.csproj", "{A046466B-5455-4C08-BB8B-83B91C66E26B}"
EndProject
Project("{FAE04EC0-301F-11D3-BF4B-00C04F79EFBC}") = "DSmoove.Core", "DSmoove.Core\DSmoove.Core.csproj", "{ABE57787-3247-497C-A31D-39D91E1F4040}"
EndProject
Project("{FAE04EC0-301F-11D3-BF4B-00C04F79EFBC}") = "DSmoove.TestApp", "DSmoove.TestApp\DSmoove.TestApp.csproj", "{E8CA76F9-A101-4245-A459-4874D39A64D6}"
EndProject
Project("{FAE04EC0-301F-11D3-BF4B-00C04F79EFBC}") = "QueueTest", "QueueTest\QueueTest.csproj", "{2BA03003-6705-49FD-897C-38C6C39E6580}"
EndProject
Global
	GlobalSection(SolutionConfigurationPlatforms) = preSolution
		Debug|Any CPU = Debug|Any CPU
		Release|Any CPU = Release|Any CPU
	EndGlobalSection
	GlobalSection(ProjectConfigurationPlatforms) = postSolution
		{A046466B-5455-4C08-BB8B-83B91C66E26B}.Debug|Any CPU.ActiveCfg = Debug|Any CPU
		{A046466B-5455-4C08-BB8B-83B91C66E26B}.Debug|Any CPU.Build.0 = Debug|Any CPU
		{A046466B-5455-4C08-BB8B-83B91C66E26B}.Release|Any CPU.ActiveCfg = Release|Any CPU
		{A046466B-5455-4C08-BB8B-83B91C66E26B}.Release|Any CPU.Build.0 = Release|Any CPU
		{ABE57787-3247-497C-A31D-39D91E1F4040}.Debug|Any CPU.ActiveCfg = Debug|Any CPU
		{ABE57787-3247-497C-A31D-39D91E1F4040}.Debug|Any CPU.Build.0 = Debug|Any CPU
		{ABE57787-3247-497C-A31D-39D91E1F4040}.Release|Any CPU.ActiveCfg = Release|Any CPU
		{ABE57787-3247-497C-A31D-39D91E1F4040}.Release|Any CPU.Build.0 = Release|Any CPU
		{E8CA76F9-A101-4245-A459-4874D39A64D6}.Debug|Any CPU.ActiveCfg = Debug|Any CPU
		{E8CA76F9-A101-4245-A459-4874D39A64D6}.Debug|Any CPU.Build.0 = Debug|Any CPU
		{E8CA76F9-A101-4245-A459-4874D39A64D6}.Release|Any CPU.ActiveCfg = Release|Any CPU
		{E8CA76F9-A101-4245-A459-4874D39A64D6}.Release|Any CPU.Build.0 = Release|Any CPU
		{2BA03003-6705-49FD-897C-38C6C39E6580}.Debug|Any CPU.ActiveCfg = Debug|Any CPU
		{2BA03003-6705-49FD-897C-38C6C39E6580}.Debug|Any CPU.Build.0 = Debug|Any CPU
		{2BA03003-6705-49FD-897C-38C6C39E6580}.Release|Any CPU.ActiveCfg = Release|Any CPU
		{2BA03003-6705-49FD-897C-38C6C39E6580}.Release|Any CPU.Build.0 = Release|Any CPU
	EndGlobalSection
	GlobalSection(SolutionProperties) = preSolution
		HideSolutionNode = FALSE
	EndGlobalSection
	GlobalSection(ExtensibilityGlobals) = postSolution
		SolutionGuid = {86E1A669-5544-4517-ADED-078A01A3447C}
	EndGlobalSection
EndGlobal
