
Microsoft Visual Studio Solution File, Format Version 12.00
# Visual Studio 15
VisualStudioVersion = 15.0.27130.2003
MinimumVisualStudioVersion = 10.0.40219.1
Project("{9A19103F-16F7-4668-BE54-9A1E7A4F7556}") = "Denga.Dsmoove.Engine", "Denga.Dsmoove.Engine\Denga.Dsmoove.Engine.csproj", "{E2A173CA-B66A-44C6-BF38-D9D61F1BD012}"
EndProject
Project("{FAE04EC0-301F-11D3-BF4B-00C04F79EFBC}") = "Denga.Dsmoove.TestApp", "Denga.Dsmoove.TestApp\Denga.Dsmoove.TestApp.csproj", "{814CF9E0-16B7-4224-97C9-AA0F07D55223}"
EndProject
Global
	GlobalSection(SolutionConfigurationPlatforms) = preSolution
		Debug|Any CPU = Debug|Any CPU
		Release|Any CPU = Release|Any CPU
	EndGlobalSection
	GlobalSection(ProjectConfigurationPlatforms) = postSolution
		{E2A173CA-B66A-44C6-BF38-D9D61F1BD012}.Debug|Any CPU.ActiveCfg = Debug|Any CPU
		{E2A173CA-B66A-44C6-BF38-D9D61F1BD012}.Debug|Any CPU.Build.0 = Debug|Any CPU
		{E2A173CA-B66A-44C6-BF38-D9D61F1BD012}.Release|Any CPU.ActiveCfg = Release|Any CPU
		{E2A173CA-B66A-44C6-BF38-D9D61F1BD012}.Release|Any CPU.Build.0 = Release|Any CPU
		{814CF9E0-16B7-4224-97C9-AA0F07D55223}.Debug|Any CPU.ActiveCfg = Debug|Any CPU
		{814CF9E0-16B7-4224-97C9-AA0F07D55223}.Debug|Any CPU.Build.0 = Debug|Any CPU
		{814CF9E0-16B7-4224-97C9-AA0F07D55223}.Release|Any CPU.ActiveCfg = Release|Any CPU
		{814CF9E0-16B7-4224-97C9-AA0F07D55223}.Release|Any CPU.Build.0 = Release|Any CPU
	EndGlobalSection
	GlobalSection(SolutionProperties) = preSolution
		HideSolutionNode = FALSE
	EndGlobalSection
	GlobalSection(ExtensibilityGlobals) = postSolution
		SolutionGuid = {BC9D5EF5-FAE6-469E-8FB8-80902AE1B82E}
	EndGlobalSection
EndGlobal
